
Microsoft Visual Studio Solution File, Format Version 9.00
# Visual Studio 2005
Project("{8BC9CEB8-8B4A-11D0-8D11-00A0C91BC942}") = "MultiFiler", "MultiFiler.vcproj", "{BE27F8AD-41AF-4C02-8958-63536FFF8352}"
EndProject
Global
	GlobalSection(SolutionConfigurationPlatforms) = preSolution
		Debug Unicode|Win32 = Debug Unicode|Win32
		Debug|Win32 = Debug|Win32
		Release Unicode|Win32 = Release Unicode|Win32
		Release|Win32 = Release|Win32
	EndGlobalSection
	GlobalSection(ProjectConfigurationPlatforms) = postSolution
		{BE27F8AD-41AF-4C02-8958-63536FFF8352}.Debug Unicode|Win32.ActiveCfg = Debug Unicode|Win32
		{BE27F8AD-41AF-4C02-8958-63536FFF8352}.Debug Unicode|Win32.Build.0 = Debug Unicode|Win32
		{BE27F8AD-41AF-4C02-8958-63536FFF8352}.Debug|Win32.ActiveCfg = Debug|Win32
		{BE27F8AD-41AF-4C02-8958-63536FFF8352}.Debug|Win32.Build.0 = Debug|Win32
		{BE27F8AD-41AF-4C02-8958-63536FFF8352}.Release Unicode|Win32.ActiveCfg = Release Unicode|Win32
		{BE27F8AD-41AF-4C02-8958-63536FFF8352}.Release Unicode|Win32.Build.0 = Release Unicode|Win32
		{BE27F8AD-41AF-4C02-8958-63536FFF8352}.Release|Win32.ActiveCfg = Release|Win32
		{BE27F8AD-41AF-4C02-8958-63536FFF8352}.Release|Win32.Build.0 = Release|Win32
	EndGlobalSection
	GlobalSection(SolutionProperties) = preSolution
		HideSolutionNode = FALSE
	EndGlobalSection
EndGlobal
